
Microsoft Visual Studio Solution File, Format Version 12.00
Project("{FAE04EC0-301F-11D3-BF4B-00C04F79EFBC}") = "Kelly_M2E", "Kelly_M2E.csproj", "{BDA610FD-D6CA-4AB6-9CDF-905C58865EDD}"
EndProject
Project("{2150E333-8FDC-42A3-9474-1A3956D46DE8}") = "Solution Files", "Solution Files", "{D1F7F45F-4592-43F9-A348-C7C3B27D3048}"
	ProjectSection(SolutionItems) = preProject
		..\.gitignore = ..\.gitignore
	EndProjectSection
EndProject
Global
	GlobalSection(SolutionConfigurationPlatforms) = preSolution
		Debug|Any CPU = Debug|Any CPU
		Release|Any CPU = Release|Any CPU
	EndGlobalSection
	GlobalSection(ProjectConfigurationPlatforms) = postSolution
		{BDA610FD-D6CA-4AB6-9CDF-905C58865EDD}.Debug|Any CPU.ActiveCfg = Debug|Any CPU
		{BDA610FD-D6CA-4AB6-9CDF-905C58865EDD}.Debug|Any CPU.Build.0 = Debug|Any CPU
		{BDA610FD-D6CA-4AB6-9CDF-905C58865EDD}.Release|Any CPU.ActiveCfg = Release|Any CPU
		{BDA610FD-D6CA-4AB6-9CDF-905C58865EDD}.Release|Any CPU.Build.0 = Release|Any CPU
	EndGlobalSection
EndGlobal
